
Microsoft Visual Studio Solution File, Format Version 12.00
# Visual Studio Version 17
VisualStudioVersion = 17.6.33815.320
MinimumVisualStudioVersion = 10.0.40219.1
Project("{FAE04EC0-301F-11D3-BF4B-00C04F79EFBC}") = "gyak_11", "gyak_11\gyak_11.csproj", "{70EB8D31-9B5C-46FA-84FF-2782EC5F0C90}"
EndProject
Global
	GlobalSection(SolutionConfigurationPlatforms) = preSolution
		Debug|Any CPU = Debug|Any CPU
		Release|Any CPU = Release|Any CPU
	EndGlobalSection
	GlobalSection(ProjectConfigurationPlatforms) = postSolution
		{70EB8D31-9B5C-46FA-84FF-2782EC5F0C90}.Debug|Any CPU.ActiveCfg = Debug|Any CPU
		{70EB8D31-9B5C-46FA-84FF-2782EC5F0C90}.Debug|Any CPU.Build.0 = Debug|Any CPU
		{70EB8D31-9B5C-46FA-84FF-2782EC5F0C90}.Release|Any CPU.ActiveCfg = Release|Any CPU
		{70EB8D31-9B5C-46FA-84FF-2782EC5F0C90}.Release|Any CPU.Build.0 = Release|Any CPU
	EndGlobalSection
	GlobalSection(SolutionProperties) = preSolution
		HideSolutionNode = FALSE
	EndGlobalSection
	GlobalSection(ExtensibilityGlobals) = postSolution
		SolutionGuid = {3D7B6739-8254-4F7F-9CD7-69AEBDB88785}
	EndGlobalSection
EndGlobal
